
Microsoft Visual Studio Solution File, Format Version 12.00
# Visual Studio 15
VisualStudioVersion = 15.0.28307.1145
MinimumVisualStudioVersion = 10.0.40219.1
Project("{FAE04EC0-301F-11D3-BF4B-00C04F79EFBC}") = "her_telden_satici", "her_telden_satici\her_telden_satici.csproj", "{955016ED-E90E-4F8D-9B16-15397AEFC345}"
EndProject
Global
	GlobalSection(SolutionConfigurationPlatforms) = preSolution
		Debug|Any CPU = Debug|Any CPU
		Release|Any CPU = Release|Any CPU
	EndGlobalSection
	GlobalSection(ProjectConfigurationPlatforms) = postSolution
		{955016ED-E90E-4F8D-9B16-15397AEFC345}.Debug|Any CPU.ActiveCfg = Debug|Any CPU
		{955016ED-E90E-4F8D-9B16-15397AEFC345}.Debug|Any CPU.Build.0 = Debug|Any CPU
		{955016ED-E90E-4F8D-9B16-15397AEFC345}.Release|Any CPU.ActiveCfg = Release|Any CPU
		{955016ED-E90E-4F8D-9B16-15397AEFC345}.Release|Any CPU.Build.0 = Release|Any CPU
	EndGlobalSection
	GlobalSection(SolutionProperties) = preSolution
		HideSolutionNode = FALSE
	EndGlobalSection
	GlobalSection(ExtensibilityGlobals) = postSolution
		SolutionGuid = {4D8DBBC0-06D1-49E7-80FF-BE36D68BA36B}
	EndGlobalSection
EndGlobal
